// !$*UTF8*$!
{
	archiveVersion = 1;
	classes = {
	};
	objectVersion = 48;
	objects = {

/* Begin PBXBuildFile section */
		2005B67D204F225C0098CEAB /* AppDelegate.swift in Sources */ = {isa = PBXBuildFile; fileRef = 2005B67C204F225C0098CEAB /* AppDelegate.swift */; };
		2005B67F204F225C0098CEAB /* ViewController.swift in Sources */ = {isa = PBXBuildFile; fileRef = 2005B67E204F225C0098CEAB /* ViewController.swift */; };
		2005B682204F225C0098CEAB /* Main.storyboard in Resources */ = {isa = PBXBuildFile; fileRef = 2005B680204F225C0098CEAB /* Main.storyboard */; };
		2005B685204F225C0098CEAB /* Tinder.xcdatamodeld in Sources */ = {isa = PBXBuildFile; fileRef = 2005B683204F225C0098CEAB /* Tinder.xcdatamodeld */; };
		2005B687204F225C0098CEAB /* Assets.xcassets in Resources */ = {isa = PBXBuildFile; fileRef = 2005B686204F225C0098CEAB /* Assets.xcassets */; };
		2005B68A204F225C0098CEAB /* LaunchScreen.storyboard in Resources */ = {isa = PBXBuildFile; fileRef = 2005B688204F225C0098CEAB /* LaunchScreen.storyboard */; };
		2005B695204F225D0098CEAB /* TinderTests.swift in Sources */ = {isa = PBXBuildFile; fileRef = 2005B694204F225D0098CEAB /* TinderTests.swift */; };
		2005B6A0204F23330098CEAB /* CardsViewController.swift in Sources */ = {isa = PBXBuildFile; fileRef = 2005B69F204F23330098CEAB /* CardsViewController.swift */; };
		201FAA8A20521B740014B2FC /* ProfilePictureViewController.swift in Sources */ = {isa = PBXBuildFile; fileRef = 201FAA8920521B740014B2FC /* ProfilePictureViewController.swift */; };
/* End PBXBuildFile section */

/* Begin PBXContainerItemProxy section */
		2005B691204F225D0098CEAB /* PBXContainerItemProxy */ = {
			isa = PBXContainerItemProxy;
			containerPortal = 2005B671204F225C0098CEAB /* Project object */;
			proxyType = 1;
			remoteGlobalIDString = 2005B678204F225C0098CEAB;
			remoteInfo = Tinder;
		};
/* End PBXContainerItemProxy section */

/* Begin PBXFileReference section */
		2005B679204F225C0098CEAB /* Tinder.app */ = {isa = PBXFileReference; explicitFileType = wrapper.application; includeInIndex = 0; path = Tinder.app; sourceTree = BUILT_PRODUCTS_DIR; };
		2005B67C204F225C0098CEAB /* AppDelegate.swift */ = {isa = PBXFileReference; lastKnownFileType = sourcecode.swift; path = AppDelegate.swift; sourceTree = "<group>"; };
		2005B67E204F225C0098CEAB /* ViewController.swift */ = {isa = PBXFileReference; lastKnownFileType = sourcecode.swift; path = ViewController.swift; sourceTree = "<group>"; };
		2005B681204F225C0098CEAB /* Base */ = {isa = PBXFileReference; lastKnownFileType = file.storyboard; name = Base; path = Base.lproj/Main.storyboard; sourceTree = "<group>"; };
		2005B684204F225C0098CEAB /* Tinder.xcdatamodel */ = {isa = PBXFileReference; lastKnownFileType = wrapper.xcdatamodel; path = Tinder.xcdatamodel; sourceTree = "<group>"; };
		2005B686204F225C0098CEAB /* Assets.xcassets */ = {isa = PBXFileReference; lastKnownFileType = folder.assetcatalog; path = Assets.xcassets; sourceTree = "<group>"; };
		2005B689204F225C0098CEAB /* Base */ = {isa = PBXFileReference; lastKnownFileType = file.storyboard; name = Base; path = Base.lproj/LaunchScreen.storyboard; sourceTree = "<group>"; };
		2005B68B204F225C0098CEAB /* Info.plist */ = {isa = PBXFileReference; lastKnownFileType = text.plist.xml; path = Info.plist; sourceTree = "<group>"; };
		2005B690204F225D0098CEAB /* TinderTests.xctest */ = {isa = PBXFileReference; explicitFileType = wrapper.cfbundle; includeInIndex = 0; path = TinderTests.xctest; sourceTree = BUILT_PRODUCTS_DIR; };
		2005B694204F225D0098CEAB /* TinderTests.swift */ = {isa = PBXFileReference; lastKnownFileType = sourcecode.swift; path = TinderTests.swift; sourceTree = "<group>"; };
		2005B696204F225D0098CEAB /* Info.plist */ = {isa = PBXFileReference; lastKnownFileType = text.plist.xml; path = Info.plist; sourceTree = "<group>"; };
		2005B69F204F23330098CEAB /* CardsViewController.swift */ = {isa = PBXFileReference; lastKnownFileType = sourcecode.swift; path = CardsViewController.swift; sourceTree = "<group>"; };
		201FAA8920521B740014B2FC /* ProfilePictureViewController.swift */ = {isa = PBXFileReference; lastKnownFileType = sourcecode.swift; path = ProfilePictureViewController.swift; sourceTree = "<group>"; };
/* End PBXFileReference section */

/* Begin PBXFrameworksBuildPhase section */
		2005B676204F225C0098CEAB /* Frameworks */ = {
			isa = PBXFrameworksBuildPhase;
			buildActionMask = 2147483647;
			files = (
			);
			runOnlyForDeploymentPostprocessing = 0;
		};
		2005B68D204F225D0098CEAB /* Frameworks */ = {
			isa = PBXFrameworksBuildPhase;
			buildActionMask = 2147483647;
			files = (
			);
			runOnlyForDeploymentPostprocessing = 0;
		};
/* End PBXFrameworksBuildPhase section */

/* Begin PBXGroup section */
		2005B670204F225C0098CEAB = {
			isa = PBXGroup;
			children = (
				2005B67B204F225C0098CEAB /* Tinder */,
				2005B693204F225D0098CEAB /* TinderTests */,
				2005B67A204F225C0098CEAB /* Products */,
			);
			sourceTree = "<group>";
		};
		2005B67A204F225C0098CEAB /* Products */ = {
			isa = PBXGroup;
			children = (
				2005B679204F225C0098CEAB /* Tinder.app */,
				2005B690204F225D0098CEAB /* TinderTests.xctest */,
			);
			name = Products;
			sourceTree = "<group>";
		};
		2005B67B204F225C0098CEAB /* Tinder */ = {
			isa = PBXGroup;
			children = (
				2005B67C204F225C0098CEAB /* AppDelegate.swift */,
				2005B680204F225C0098CEAB /* Main.storyboard */,
				2005B69F204F23330098CEAB /* CardsViewController.swift */,
				201FAA8920521B740014B2FC /* ProfilePictureViewController.swift */,
				2005B67E204F225C0098CEAB /* ViewController.swift */,
				2005B686204F225C0098CEAB /* Assets.xcassets */,
				2005B688204F225C0098CEAB /* LaunchScreen.storyboard */,
				2005B68B204F225C0098CEAB /* Info.plist */,
				2005B683204F225C0098CEAB /* Tinder.xcdatamodeld */,
			);
			path = Tinder;
			sourceTree = "<group>";
		};
		2005B693204F225D0098CEAB /* TinderTests */ = {
			isa = PBXGroup;
			children = (
				2005B694204F225D0098CEAB /* TinderTests.swift */,
				2005B696204F225D0098CEAB /* Info.plist */,
			);
			path = TinderTests;
			sourceTree = "<group>";
		};
/* End PBXGroup section */

/* Begin PBXNativeTarget section */
		2005B678204F225C0098CEAB /* Tinder */ = {
			isa = PBXNativeTarget;
			buildConfigurationList = 2005B699204F225D0098CEAB /* Build configuration list for PBXNativeTarget "Tinder" */;
			buildPhases = (
				2005B675204F225C0098CEAB /* Sources */,
				2005B676204F225C0098CEAB /* Frameworks */,
				2005B677204F225C0098CEAB /* Resources */,
			);
			buildRules = (
			);
			dependencies = (
			);
			name = Tinder;
			productName = Tinder;
			productReference = 2005B679204F225C0098CEAB /* Tinder.app */;
			productType = "com.apple.product-type.application";
		};
		2005B68F204F225D0098CEAB /* TinderTests */ = {
			isa = PBXNativeTarget;
			buildConfigurationList = 2005B69C204F225D0098CEAB /* Build configuration list for PBXNativeTarget "TinderTests" */;
			buildPhases = (
				2005B68C204F225D0098CEAB /* Sources */,
				2005B68D204F225D0098CEAB /* Frameworks */,
				2005B68E204F225D0098CEAB /* Resources */,
			);
			buildRules = (
			);
			dependencies = (
				2005B692204F225D0098CEAB /* PBXTargetDependency */,
			);
			name = TinderTests;
			productName = TinderTests;
			productReference = 2005B690204F225D0098CEAB /* TinderTests.xctest */;
			productType = "com.apple.product-type.bundle.unit-test";
		};
/* End PBXNativeTarget section */

/* Begin PBXProject section */
		2005B671204F225C0098CEAB /* Project object */ = {
			isa = PBXProject;
			attributes = {
				LastSwiftUpdateCheck = 0920;
				LastUpgradeCheck = 0920;
				ORGANIZATIONNAME = "Simona Virga";
				TargetAttributes = {
					2005B678204F225C0098CEAB = {
						CreatedOnToolsVersion = 9.2;
						ProvisioningStyle = Automatic;
					};
					2005B68F204F225D0098CEAB = {
						CreatedOnToolsVersion = 9.2;
						ProvisioningStyle = Automatic;
						TestTargetID = 2005B678204F225C0098CEAB;
					};
				};
			};
			buildConfigurationList = 2005B674204F225C0098CEAB /* Build configuration list for PBXProject "Tinder" */;
			compatibilityVersion = "Xcode 8.0";
			developmentRegion = en;
			hasScannedForEncodings = 0;
			knownRegions = (
				en,
				Base,
			);
			mainGroup = 2005B670204F225C0098CEAB;
			productRefGroup = 2005B67A204F225C0098CEAB /* Products */;
			projectDirPath = "";
			projectRoot = "";
			targets = (
				2005B678204F225C0098CEAB /* Tinder */,
				2005B68F204F225D0098CEAB /* TinderTests */,
			);
		};
/* End PBXProject section */

/* Begin PBXResourcesBuildPhase section */
		2005B677204F225C0098CEAB /* Resources */ = {
			isa = PBXResourcesBuildPhase;
			buildActionMask = 2147483647;
			files = (
				2005B68A204F225C0098CEAB /* LaunchScreen.storyboard in Resources */,
				2005B687204F225C0098CEAB /* Assets.xcassets in Resources */,
				2005B682204F225C0098CEAB /* Main.storyboard in Resources */,
			);
			runOnlyForDeploymentPostprocessing = 0;
		};
		2005B68E204F225D0098CEAB /* Resources */ = {
			isa = PBXResourcesBuildPhase;
			buildActionMask = 2147483647;
			files = (
			);
			runOnlyForDeploymentPostprocessing = 0;
		};
/* End PBXResourcesBuildPhase section */

/* Begin PBXSourcesBuildPhase section */
		2005B675204F225C0098CEAB /* Sources */ = {
			isa = PBXSourcesBuildPhase;
			buildActionMask = 2147483647;
			files = (
				2005B6A0204F23330098CEAB /* CardsViewController.swift in Sources */,
				201FAA8A20521B740014B2FC /* ProfilePictureViewController.swift in Sources */,
				2005B67F204F225C0098CEAB /* ViewController.swift in Sources */,
				2005B67D204F225C0098CEAB /* AppDelegate.swift in Sources */,
				2005B685204F225C0098CEAB /* Tinder.xcdatamodeld in Sources */,
			);
			runOnlyForDeploymentPostprocessing = 0;
		};
		2005B68C204F225D0098CEAB /* Sources */ = {
			isa = PBXSourcesBuildPhase;
			buildActionMask = 2147483647;
			files = (
				2005B695204F225D0098CEAB /* TinderTests.swift in Sources */,
			);
			runOnlyForDeploymentPostprocessing = 0;
		};
/* End PBXSourcesBuildPhase section */

/* Begin PBXTargetDependency section */
		2005B692204F225D0098CEAB /* PBXTargetDependency */ = {
			isa = PBXTargetDependency;
			target = 2005B678204F225C0098CEAB /* Tinder */;
			targetProxy = 2005B691204F225D0098CEAB /* PBXContainerItemProxy */;
		};
/* End PBXTargetDependency section */

/* Begin PBXVariantGroup section */
		2005B680204F225C0098CEAB /* Main.storyboard */ = {
			isa = PBXVariantGroup;
			children = (
				2005B681204F225C0098CEAB /* Base */,
			);
			name = Main.storyboard;
			sourceTree = "<group>";
		};
		2005B688204F225C0098CEAB /* LaunchScreen.storyboard */ = {
			isa = PBXVariantGroup;
			children = (
				2005B689204F225C0098CEAB /* Base */,
			);
			name = LaunchScreen.storyboard;
			sourceTree = "<group>";
		};
/* End PBXVariantGroup section */

/* Begin XCBuildConfiguration section */
		2005B697204F225D0098CEAB /* Debug */ = {
			isa = XCBuildConfiguration;
			buildSettings = {
				ALWAYS_SEARCH_USER_PATHS = NO;
				CLANG_ANALYZER_NONNULL = YES;
				CLANG_ANALYZER_NUMBER_OBJECT_CONVERSION = YES_AGGRESSIVE;
				CLANG_CXX_LANGUAGE_STANDARD = "gnu++14";
				CLANG_CXX_LIBRARY = "libc++";
				CLANG_ENABLE_MODULES = YES;
				CLANG_ENABLE_OBJC_ARC = YES;
				CLANG_WARN_BLOCK_CAPTURE_AUTORELEASING = YES;
				CLANG_WARN_BOOL_CONVERSION = YES;
				CLANG_WARN_COMMA = YES;
				CLANG_WARN_CONSTANT_CONVERSION = YES;
				CLANG_WARN_DIRECT_OBJC_ISA_USAGE = YES_ERROR;
				CLANG_WARN_DOCUMENTATION_COMMENTS = YES;
				CLANG_WARN_EMPTY_BODY = YES;
				CLANG_WARN_ENUM_CONVERSION = YES;
				CLANG_WARN_INFINITE_RECURSION = YES;
				CLANG_WARN_INT_CONVERSION = YES;
				CLANG_WARN_NON_LITERAL_NULL_CONVERSION = YES;
				CLANG_WARN_OBJC_LITERAL_CONVERSION = YES;
				CLANG_WARN_OBJC_ROOT_CLASS = YES_ERROR;
				CLANG_WARN_RANGE_LOOP_ANALYSIS = YES;
				CLANG_WARN_STRICT_PROTOTYPES = YES;
				CLANG_WARN_SUSPICIOUS_MOVE = YES;
				CLANG_WARN_UNGUARDED_AVAILABILITY = YES_AGGRESSIVE;
				CLANG_WARN_UNREACHABLE_CODE = YES;
				CLANG_WARN__DUPLICATE_METHOD_MATCH = YES;
				CODE_SIGN_IDENTITY = "iPhone Developer";
				COPY_PHASE_STRIP = NO;
				DEBUG_INFORMATION_FORMAT = dwarf;
				ENABLE_STRICT_OBJC_MSGSEND = YES;
				ENABLE_TESTABILITY = YES;
				GCC_C_LANGUAGE_STANDARD = gnu11;
				GCC_DYNAMIC_NO_PIC = NO;
				GCC_NO_COMMON_BLOCKS = YES;
				GCC_OPTIMIZATION_LEVEL = 0;
				GCC_PREPROCESSOR_DEFINITIONS = (
					"DEBUG=1",
					"$(inherited)",
				);
				GCC_WARN_64_TO_32_BIT_CONVERSION = YES;
				GCC_WARN_ABOUT_RETURN_TYPE = YES_ERROR;
				GCC_WARN_UNDECLARED_SELECTOR = YES;
				GCC_WARN_UNINITIALIZED_AUTOS = YES_AGGRESSIVE;
				GCC_WARN_UNUSED_FUNCTION = YES;
				GCC_WARN_UNUSED_VARIABLE = YES;
				IPHONEOS_DEPLOYMENT_TARGET = 11.2;
				MTL_ENABLE_DEBUG_INFO = YES;
				ONLY_ACTIVE_ARCH = YES;
				SDKROOT = iphoneos;
				SWIFT_ACTIVE_COMPILATION_CONDITIONS = DEBUG;
				SWIFT_OPTIMIZATION_LEVEL = "-Onone";
			};
			name = Debug;
		};
		2005B698204F225D0098CEAB /* Release */ = {
			isa = XCBuildConfiguration;
			buildSettings = {
				ALWAYS_SEARCH_USER_PATHS = NO;
				CLANG_ANALYZER_NONNULL = YES;
				CLANG_ANALYZER_NUMBER_OBJECT_CONVERSION = YES_AGGRESSIVE;
				CLANG_CXX_LANGUAGE_STANDARD = "gnu++14";
				CLANG_CXX_LIBRARY = "libc++";
				CLANG_ENABLE_MODULES = YES;
				CLANG_ENABLE_OBJC_ARC = YES;
				CLANG_WARN_BLOCK_CAPTURE_AUTORELEASING = YES;
				CLANG_WARN_BOOL_CONVERSION = YES;
				CLANG_WARN_COMMA = YES;
				CLANG_WARN_CONSTANT_CONVERSION = YES;
				CLANG_WARN_DIRECT_OBJC_ISA_USAGE = YES_ERROR;
				CLANG_WARN_DOCUMENTATION_COMMENTS = YES;
				CLANG_WARN_EMPTY_BODY = YES;
				CLANG_WARN_ENUM_CONVERSION = YES;
				CLANG_WARN_INFINITE_RECURSION = YES;
				CLANG_WARN_INT_CONVERSION = YES;
				CLANG_WARN_NON_LITERAL_NULL_CONVERSION = YES;
				CLANG_WARN_OBJC_LITERAL_CONVERSION = YES;
				CLANG_WARN_OBJC_ROOT_CLASS = YES_ERROR;
				CLANG_WARN_RANGE_LOOP_ANALYSIS = YES;
				CLANG_WARN_STRICT_PROTOTYPES = YES;
				CLANG_WARN_SUSPICIOUS_MOVE = YES;
				CLANG_WARN_UNGUARDED_AVAILABILITY = YES_AGGRESSIVE;
				CLANG_WARN_UNREACHABLE_CODE = YES;
				CLANG_WARN__DUPLICATE_METHOD_MATCH = YES;
				CODE_SIGN_IDENTITY = "iPhone Developer";
				COPY_PHASE_STRIP = NO;
				DEBUG_INFORMATION_FORMAT = "dwarf-with-dsym";
				ENABLE_NS_ASSERTIONS = NO;
				ENABLE_STRICT_OBJC_MSGSEND = YES;
				GCC_C_LANGUAGE_STANDARD = gnu11;
				GCC_NO_COMMON_BLOCKS = YES;
				GCC_WARN_64_TO_32_BIT_CONVERSION = YES;
				GCC_WARN_ABOUT_RETURN_TYPE = YES_ERROR;
				GCC_WARN_UNDECLARED_SELECTOR = YES;
				GCC_WARN_UNINITIALIZED_AUTOS = YES_AGGRESSIVE;
				GCC_WARN_UNUSED_FUNCTION = YES;
				GCC_WARN_UNUSED_VARIABLE = YES;
				IPHONEOS_DEPLOYMENT_TARGET = 11.2;
				MTL_ENABLE_DEBUG_INFO = NO;
				SDKROOT = iphoneos;
				SWIFT_OPTIMIZATION_LEVEL = "-Owholemodule";
				VALIDATE_PRODUCT = YES;
			};
			name = Release;
		};
		2005B69A204F225D0098CEAB /* Debug */ = {
			isa = XCBuildConfiguration;
			buildSettings = {
				ASSETCATALOG_COMPILER_APPICON_NAME = AppIcon;
				CODE_SIGN_STYLE = Automatic;
				INFOPLIST_FILE = Tinder/Info.plist;
				LD_RUNPATH_SEARCH_PATHS = "$(inherited) @executable_path/Frameworks";
				PRODUCT_BUNDLE_IDENTIFIER = com.example.Tinder;
				PRODUCT_NAME = "$(TARGET_NAME)";
				SWIFT_VERSION = 4.0;
				TARGETED_DEVICE_FAMILY = "1,2";
			};
			name = Debug;
		};
		2005B69B204F225D0098CEAB /* Release */ = {
			isa = XCBuildConfiguration;
			buildSettings = {
				ASSETCATALOG_COMPILER_APPICON_NAME = AppIcon;
				CODE_SIGN_STYLE = Automatic;
				INFOPLIST_FILE = Tinder/Info.plist;
				LD_RUNPATH_SEARCH_PATHS = "$(inherited) @executable_path/Frameworks";
				PRODUCT_BUNDLE_IDENTIFIER = com.example.Tinder;
				PRODUCT_NAME = "$(TARGET_NAME)";
				SWIFT_VERSION = 4.0;
				TARGETED_DEVICE_FAMILY = "1,2";
			};
			name = Release;
		};
		2005B69D204F225D0098CEAB /* Debug */ = {
			isa = XCBuildConfiguration;
			buildSettings = {
				ALWAYS_EMBED_SWIFT_STANDARD_LIBRARIES = YES;
				BUNDLE_LOADER = "$(TEST_HOST)";
				CODE_SIGN_STYLE = Automatic;
				INFOPLIST_FILE = TinderTests/Info.plist;
				LD_RUNPATH_SEARCH_PATHS = "$(inherited) @executable_path/Frameworks @loader_path/Frameworks";
				PRODUCT_BUNDLE_IDENTIFIER = com.example.TinderTests;
				PRODUCT_NAME = "$(TARGET_NAME)";
				SWIFT_VERSION = 4.0;
				TARGETED_DEVICE_FAMILY = "1,2";
				TEST_HOST = "$(BUILT_PRODUCTS_DIR)/Tinder.app/Tinder";
			};
			name = Debug;
		};
		2005B69E204F225D0098CEAB /* Release */ = {
			isa = XCBuildConfiguration;
			buildSettings = {
				ALWAYS_EMBED_SWIFT_STANDARD_LIBRARIES = YES;
				BUNDLE_LOADER = "$(TEST_HOST)";
				CODE_SIGN_STYLE = Automatic;
				INFOPLIST_FILE = TinderTests/Info.plist;
				LD_RUNPATH_SEARCH_PATHS = "$(inherited) @executable_path/Frameworks @loader_path/Frameworks";
				PRODUCT_BUNDLE_IDENTIFIER = com.example.TinderTests;
				PRODUCT_NAME = "$(TARGET_NAME)";
				SWIFT_VERSION = 4.0;
				TARGETED_DEVICE_FAMILY = "1,2";
				TEST_HOST = "$(BUILT_PRODUCTS_DIR)/Tinder.app/Tinder";
			};
			name = Release;
		};
/* End XCBuildConfiguration section */

/* Begin XCConfigurationList section */
		2005B674204F225C0098CEAB /* Build configuration list for PBXProject "Tinder" */ = {
			isa = XCConfigurationList;
			buildConfigurations = (
				2005B697204F225D0098CEAB /* Debug */,
				2005B698204F225D0098CEAB /* Release */,
			);
			defaultConfigurationIsVisible = 0;
			defaultConfigurationName = Release;
		};
		2005B699204F225D0098CEAB /* Build configuration list for PBXNativeTarget "Tinder" */ = {
			isa = XCConfigurationList;
			buildConfigurations = (
				2005B69A204F225D0098CEAB /* Debug */,
				2005B69B204F225D0098CEAB /* Release */,
			);
			defaultConfigurationIsVisible = 0;
			defaultConfigurationName = Release;
		};
		2005B69C204F225D0098CEAB /* Build configuration list for PBXNativeTarget "TinderTests" */ = {
			isa = XCConfigurationList;
			buildConfigurations = (
				2005B69D204F225D0098CEAB /* Debug */,
				2005B69E204F225D0098CEAB /* Release */,
			);
			defaultConfigurationIsVisible = 0;
			defaultConfigurationName = Release;
		};
/* End XCConfigurationList section */

/* Begin XCVersionGroup section */
		2005B683204F225C0098CEAB /* Tinder.xcdatamodeld */ = {
			isa = XCVersionGroup;
			children = (
				2005B684204F225C0098CEAB /* Tinder.xcdatamodel */,
			);
			currentVersion = 2005B684204F225C0098CEAB /* Tinder.xcdatamodel */;
			path = Tinder.xcdatamodeld;
			sourceTree = "<group>";
			versionGroupType = wrapper.xcdatamodel;
		};
/* End XCVersionGroup section */
	};
	rootObject = 2005B671204F225C0098CEAB /* Project object */;
}
